
Microsoft Visual Studio Solution File, Format Version 12.00
# Visual Studio 2013
VisualStudioVersion = 12.0.40629.0
MinimumVisualStudioVersion = 10.0.40219.1
Project("{2150E333-8FDC-42A3-9474-1A3956D46DE8}") = "0 - Presentation", "0 - Presentation", "{16C011A3-5915-43D9-A271-0CCDA5637BA3}"
EndProject
Project("{FAE04EC0-301F-11D3-BF4B-00C04F79EFBC}") = "SFS.Salao.UI.MVC", "src\SFS.Salao.UI.MVC\SFS.Salao.UI.MVC.csproj", "{6A5A6A77-7ED7-4F85-ACEC-D796293ED9E1}"
EndProject
Project("{2150E333-8FDC-42A3-9474-1A3956D46DE8}") = "1 - Services", "1 - Services", "{4213B1E2-94ED-41FC-889E-C4BA4854D652}"
EndProject
Project("{2150E333-8FDC-42A3-9474-1A3956D46DE8}") = "2 - Application", "2 - Application", "{11D0F7A7-E5DD-4C21-B0CB-1F45D1C04604}"
EndProject
Project("{2150E333-8FDC-42A3-9474-1A3956D46DE8}") = "3 - Domain", "3 - Domain", "{53CDC125-3DE1-415C-B245-90C407098E5E}"
EndProject
Project("{2150E333-8FDC-42A3-9474-1A3956D46DE8}") = "4 - Infra", "4 - Infra", "{264A86DB-5ED3-4DD6-A9ED-6566F7419B89}"
EndProject
Project("{FAE04EC0-301F-11D3-BF4B-00C04F79EFBC}") = "SFS.Salao.Domain", "src\SFS.Salao.Domain\SFS.Salao.Domain.csproj", "{77DF2B00-C264-46BA-9486-433B73EDB0C6}"
EndProject
Project("{2150E333-8FDC-42A3-9474-1A3956D46DE8}") = "4.1 - Data", "4.1 - Data", "{91E229C4-7BFF-42F6-82C0-09EAFB862558}"
EndProject
Project("{2150E333-8FDC-42A3-9474-1A3956D46DE8}") = "4.2 - CrossCutting", "4.2 - CrossCutting", "{0B7A674D-CCBF-452F-8711-C386FA07E0F5}"
EndProject
Project("{FAE04EC0-301F-11D3-BF4B-00C04F79EFBC}") = "SFS.Salao.Infra.Data", "src\SFS.Salao.Infra.Data\SFS.Salao.Infra.Data.csproj", "{4D01FE77-CC53-448F-B25D-B27954C64609}"
EndProject
Project("{FAE04EC0-301F-11D3-BF4B-00C04F79EFBC}") = "SFS.Salao.Application", "src\SFS.Salao.Application\SFS.Salao.Application.csproj", "{0F79450B-2EDD-487C-8E4A-DB3160B4E644}"
EndProject
Project("{FAE04EC0-301F-11D3-BF4B-00C04F79EFBC}") = "SFS.Salao.Infra.CrossCutting.MvcFilters", "src\SFS.Salao.Infra.CrossCutting.MvcFilters\SFS.Salao.Infra.CrossCutting.MvcFilters.csproj", "{8CF0FADC-BFA0-444E-8EC7-6FB0F305F5FE}"
EndProject
Project("{FAE04EC0-301F-11D3-BF4B-00C04F79EFBC}") = "SFS.Salao.Infra.CrossCutting.IoC", "src\SFS.Salao.Infra.CrossCutting.IoC\SFS.Salao.Infra.CrossCutting.IoC.csproj", "{B0D3E70A-A96A-4B02-85D4-C020F945E3EE}"
EndProject
Global
	GlobalSection(SolutionConfigurationPlatforms) = preSolution
		Debug|Any CPU = Debug|Any CPU
		Release|Any CPU = Release|Any CPU
	EndGlobalSection
	GlobalSection(ProjectConfigurationPlatforms) = postSolution
		{6A5A6A77-7ED7-4F85-ACEC-D796293ED9E1}.Debug|Any CPU.ActiveCfg = Debug|Any CPU
		{6A5A6A77-7ED7-4F85-ACEC-D796293ED9E1}.Debug|Any CPU.Build.0 = Debug|Any CPU
		{6A5A6A77-7ED7-4F85-ACEC-D796293ED9E1}.Release|Any CPU.ActiveCfg = Release|Any CPU
		{6A5A6A77-7ED7-4F85-ACEC-D796293ED9E1}.Release|Any CPU.Build.0 = Release|Any CPU
		{77DF2B00-C264-46BA-9486-433B73EDB0C6}.Debug|Any CPU.ActiveCfg = Debug|Any CPU
		{77DF2B00-C264-46BA-9486-433B73EDB0C6}.Debug|Any CPU.Build.0 = Debug|Any CPU
		{77DF2B00-C264-46BA-9486-433B73EDB0C6}.Release|Any CPU.ActiveCfg = Release|Any CPU
		{77DF2B00-C264-46BA-9486-433B73EDB0C6}.Release|Any CPU.Build.0 = Release|Any CPU
		{4D01FE77-CC53-448F-B25D-B27954C64609}.Debug|Any CPU.ActiveCfg = Debug|Any CPU
		{4D01FE77-CC53-448F-B25D-B27954C64609}.Debug|Any CPU.Build.0 = Debug|Any CPU
		{4D01FE77-CC53-448F-B25D-B27954C64609}.Release|Any CPU.ActiveCfg = Release|Any CPU
		{4D01FE77-CC53-448F-B25D-B27954C64609}.Release|Any CPU.Build.0 = Release|Any CPU
		{0F79450B-2EDD-487C-8E4A-DB3160B4E644}.Debug|Any CPU.ActiveCfg = Debug|Any CPU
		{0F79450B-2EDD-487C-8E4A-DB3160B4E644}.Debug|Any CPU.Build.0 = Debug|Any CPU
		{0F79450B-2EDD-487C-8E4A-DB3160B4E644}.Release|Any CPU.ActiveCfg = Release|Any CPU
		{0F79450B-2EDD-487C-8E4A-DB3160B4E644}.Release|Any CPU.Build.0 = Release|Any CPU
		{8CF0FADC-BFA0-444E-8EC7-6FB0F305F5FE}.Debug|Any CPU.ActiveCfg = Debug|Any CPU
		{8CF0FADC-BFA0-444E-8EC7-6FB0F305F5FE}.Debug|Any CPU.Build.0 = Debug|Any CPU
		{8CF0FADC-BFA0-444E-8EC7-6FB0F305F5FE}.Release|Any CPU.ActiveCfg = Release|Any CPU
		{8CF0FADC-BFA0-444E-8EC7-6FB0F305F5FE}.Release|Any CPU.Build.0 = Release|Any CPU
		{B0D3E70A-A96A-4B02-85D4-C020F945E3EE}.Debug|Any CPU.ActiveCfg = Debug|Any CPU
		{B0D3E70A-A96A-4B02-85D4-C020F945E3EE}.Debug|Any CPU.Build.0 = Debug|Any CPU
		{B0D3E70A-A96A-4B02-85D4-C020F945E3EE}.Release|Any CPU.ActiveCfg = Release|Any CPU
		{B0D3E70A-A96A-4B02-85D4-C020F945E3EE}.Release|Any CPU.Build.0 = Release|Any CPU
	EndGlobalSection
	GlobalSection(SolutionProperties) = preSolution
		HideSolutionNode = FALSE
	EndGlobalSection
	GlobalSection(NestedProjects) = preSolution
		{6A5A6A77-7ED7-4F85-ACEC-D796293ED9E1} = {16C011A3-5915-43D9-A271-0CCDA5637BA3}
		{77DF2B00-C264-46BA-9486-433B73EDB0C6} = {53CDC125-3DE1-415C-B245-90C407098E5E}
		{91E229C4-7BFF-42F6-82C0-09EAFB862558} = {264A86DB-5ED3-4DD6-A9ED-6566F7419B89}
		{0B7A674D-CCBF-452F-8711-C386FA07E0F5} = {264A86DB-5ED3-4DD6-A9ED-6566F7419B89}
		{4D01FE77-CC53-448F-B25D-B27954C64609} = {91E229C4-7BFF-42F6-82C0-09EAFB862558}
		{0F79450B-2EDD-487C-8E4A-DB3160B4E644} = {11D0F7A7-E5DD-4C21-B0CB-1F45D1C04604}
		{8CF0FADC-BFA0-444E-8EC7-6FB0F305F5FE} = {0B7A674D-CCBF-452F-8711-C386FA07E0F5}
		{B0D3E70A-A96A-4B02-85D4-C020F945E3EE} = {0B7A674D-CCBF-452F-8711-C386FA07E0F5}
	EndGlobalSection
EndGlobal
